
Microsoft Visual Studio Solution File, Format Version 12.00
# Visual Studio Version 16
VisualStudioVersion = 16.0.30804.86
MinimumVisualStudioVersion = 10.0.40219.1
Project("{9A19103F-16F7-4668-BE54-9A1E7A4F7556}") = "Iso20022", "Iso20022\Iso20022.csproj", "{5FA6B066-61B8-4F36-82CE-93A48564D23E}"
EndProject
Project("{9A19103F-16F7-4668-BE54-9A1E7A4F7556}") = "Iso20022.UnitTest", "Iso20022.UnitTest\Iso20022.UnitTest.csproj", "{D6650BEB-DAAB-4259-8646-FC1FAA2DA621}"
EndProject
Project("{2150E333-8FDC-42A3-9474-1A3956D46DE8}") = "Solutions items", "Solutions items", "{148DAD3D-5E80-4EFB-9414-61B7EF2165EC}"
	ProjectSection(SolutionItems) = preProject
		.editorconfig = .editorconfig
		.gitattributes = .gitattributes
		.gitignore = .gitignore
		Directory.build.props = Directory.build.props
		Directory.Build.targets = Directory.Build.targets
		README.md = README.md
	EndProjectSection
EndProject
Global
	GlobalSection(SolutionConfigurationPlatforms) = preSolution
		Debug|Any CPU = Debug|Any CPU
		Release|Any CPU = Release|Any CPU
	EndGlobalSection
	GlobalSection(ProjectConfigurationPlatforms) = postSolution
		{5FA6B066-61B8-4F36-82CE-93A48564D23E}.Debug|Any CPU.ActiveCfg = Debug|Any CPU
		{5FA6B066-61B8-4F36-82CE-93A48564D23E}.Debug|Any CPU.Build.0 = Debug|Any CPU
		{5FA6B066-61B8-4F36-82CE-93A48564D23E}.Release|Any CPU.ActiveCfg = Release|Any CPU
		{5FA6B066-61B8-4F36-82CE-93A48564D23E}.Release|Any CPU.Build.0 = Release|Any CPU
		{D6650BEB-DAAB-4259-8646-FC1FAA2DA621}.Debug|Any CPU.ActiveCfg = Debug|Any CPU
		{D6650BEB-DAAB-4259-8646-FC1FAA2DA621}.Debug|Any CPU.Build.0 = Debug|Any CPU
		{D6650BEB-DAAB-4259-8646-FC1FAA2DA621}.Release|Any CPU.ActiveCfg = Release|Any CPU
		{D6650BEB-DAAB-4259-8646-FC1FAA2DA621}.Release|Any CPU.Build.0 = Release|Any CPU
	EndGlobalSection
	GlobalSection(SolutionProperties) = preSolution
		HideSolutionNode = FALSE
	EndGlobalSection
	GlobalSection(ExtensibilityGlobals) = postSolution
		SolutionGuid = {DE7D303A-C2A3-4711-A10D-47BF4A9CE893}
	EndGlobalSection
EndGlobal
